
Microsoft Visual Studio Solution File, Format Version 12.00
# Visual Studio 15
Project("{FAE04EC0-301F-11D3-BF4B-00C04F79EFBC}") = "HoudiniEngineUnity", "HoudiniEngineUnity.csproj", "{4DCBBE26-8473-A0C8-84EF-E3E8C1C5A3FE}"
EndProject
Project("{FAE04EC0-301F-11D3-BF4B-00C04F79EFBC}") = "HoudiniEngineUnityEditor", "HoudiniEngineUnityEditor.csproj", "{A9A42C2C-4AEB-1B04-5BAE-E96363DEBAAB}"
EndProject
Global
	GlobalSection(SolutionConfigurationPlatforms) = preSolution
		Debug|Any CPU = Debug|Any CPU
		Release|Any CPU = Release|Any CPU
	EndGlobalSection
	GlobalSection(ProjectConfigurationPlatforms) = postSolution
		{4DCBBE26-8473-A0C8-84EF-E3E8C1C5A3FE}.Debug|Any CPU.ActiveCfg = Debug|Any CPU
		{4DCBBE26-8473-A0C8-84EF-E3E8C1C5A3FE}.Debug|Any CPU.Build.0 = Debug|Any CPU
		{4DCBBE26-8473-A0C8-84EF-E3E8C1C5A3FE}.Release|Any CPU.ActiveCfg = Release|Any CPU
		{4DCBBE26-8473-A0C8-84EF-E3E8C1C5A3FE}.Release|Any CPU.Build.0 = Release|Any CPU
		{A9A42C2C-4AEB-1B04-5BAE-E96363DEBAAB}.Debug|Any CPU.ActiveCfg = Debug|Any CPU
		{A9A42C2C-4AEB-1B04-5BAE-E96363DEBAAB}.Debug|Any CPU.Build.0 = Debug|Any CPU
		{A9A42C2C-4AEB-1B04-5BAE-E96363DEBAAB}.Release|Any CPU.ActiveCfg = Release|Any CPU
		{A9A42C2C-4AEB-1B04-5BAE-E96363DEBAAB}.Release|Any CPU.Build.0 = Release|Any CPU
	EndGlobalSection
	GlobalSection(SolutionProperties) = preSolution
		HideSolutionNode = FALSE
	EndGlobalSection
EndGlobal
